// !$*UTF8*$!
{
	archiveVersion = 1;
	classes = {
	};
	objectVersion = 50;
	objects = {

/* Begin PBXBuildFile section */
		058C42A9211095300032B01A /* AppDelegate.swift in Sources */ = {isa = PBXBuildFile; fileRef = 058C42A8211095300032B01A /* AppDelegate.swift */; };
		058C42AB211095300032B01A /* ViewController.swift in Sources */ = {isa = PBXBuildFile; fileRef = 058C42AA211095300032B01A /* ViewController.swift */; };
		058C42AE211095300032B01A /* Main.storyboard in Resources */ = {isa = PBXBuildFile; fileRef = 058C42AC211095300032B01A /* Main.storyboard */; };
		058C42B0211095300032B01A /* Assets.xcassets in Resources */ = {isa = PBXBuildFile; fileRef = 058C42AF211095300032B01A /* Assets.xcassets */; };
		058C42B3211095300032B01A /* LaunchScreen.storyboard in Resources */ = {isa = PBXBuildFile; fileRef = 058C42B1211095300032B01A /* LaunchScreen.storyboard */; };
		058C42BE211095300032B01A /* RTCVideoTests.swift in Sources */ = {isa = PBXBuildFile; fileRef = 058C42BD211095300032B01A /* RTCVideoTests.swift */; };
		058C42C9211095300032B01A /* RTCVideoUITests.swift in Sources */ = {isa = PBXBuildFile; fileRef = 058C42C8211095300032B01A /* RTCVideoUITests.swift */; };
		058C42D72110954B0032B01A /* WebRTCClient.swift in Sources */ = {isa = PBXBuildFile; fileRef = 058C42D62110954B0032B01A /* WebRTCClient.swift */; };
		058C42D9211095550032B01A /* VideoViewController.swift in Sources */ = {isa = PBXBuildFile; fileRef = 058C42D8211095550032B01A /* VideoViewController.swift */; };
		058C42DD211096F80032B01A /* SignalClient.swift in Sources */ = {isa = PBXBuildFile; fileRef = 058C42DC211096F80032B01A /* SignalClient.swift */; };
		058C42E22110976D0032B01A /* RTCSessionDescription+JSON.swift in Sources */ = {isa = PBXBuildFile; fileRef = 058C42DF2110976C0032B01A /* RTCSessionDescription+JSON.swift */; };
		058C42E32110976D0032B01A /* RTCStates.swift in Sources */ = {isa = PBXBuildFile; fileRef = 058C42E02110976C0032B01A /* RTCStates.swift */; };
		058C42E42110976D0032B01A /* RTCIceCandidate+JSON.swift in Sources */ = {isa = PBXBuildFile; fileRef = 058C42E12110976D0032B01A /* RTCIceCandidate+JSON.swift */; };
		058C42E62110978D0032B01A /* SocketIOClient.swift in Sources */ = {isa = PBXBuildFile; fileRef = 058C42E52110978D0032B01A /* SocketIOClient.swift */; };
		058C42E82110B3D00032B01A /* VideoViewController.xib in Resources */ = {isa = PBXBuildFile; fileRef = 058C42E72110B3D00032B01A /* VideoViewController.xib */; };
		1E2C90975AB7D9C846EE65BE /* Pods_RTCVideo.framework in Frameworks */ = {isa = PBXBuildFile; fileRef = 733C13A4DF265AB8162F25A1 /* Pods_RTCVideo.framework */; };
		B963A802BF22F6103AEA098E /* Pods_RTCVideoUITests.framework in Frameworks */ = {isa = PBXBuildFile; fileRef = 34870DA0208F995BFEB1E6E3 /* Pods_RTCVideoUITests.framework */; };
		DA8589B42FE5D197897AD3E6 /* Pods_RTCVideoTests.framework in Frameworks */ = {isa = PBXBuildFile; fileRef = 210DC75107F65B4700CC7047 /* Pods_RTCVideoTests.framework */; };
/* End PBXBuildFile section */

/* Begin PBXContainerItemProxy section */
		058C42BA211095300032B01A /* PBXContainerItemProxy */ = {
			isa = PBXContainerItemProxy;
			containerPortal = 058C429D211095300032B01A /* Project object */;
			proxyType = 1;
			remoteGlobalIDString = 058C42A4211095300032B01A;
			remoteInfo = RTCVideo;
		};
		058C42C5211095300032B01A /* PBXContainerItemProxy */ = {
			isa = PBXContainerItemProxy;
			containerPortal = 058C429D211095300032B01A /* Project object */;
			proxyType = 1;
			remoteGlobalIDString = 058C42A4211095300032B01A;
			remoteInfo = RTCVideo;
		};
/* End PBXContainerItemProxy section */

/* Begin PBXFileReference section */
		058C42A5211095300032B01A /* RTCVideo.app */ = {isa = PBXFileReference; explicitFileType = wrapper.application; includeInIndex = 0; path = RTCVideo.app; sourceTree = BUILT_PRODUCTS_DIR; };
		058C42A8211095300032B01A /* AppDelegate.swift */ = {isa = PBXFileReference; lastKnownFileType = sourcecode.swift; path = AppDelegate.swift; sourceTree = "<group>"; };
		058C42AA211095300032B01A /* ViewController.swift */ = {isa = PBXFileReference; lastKnownFileType = sourcecode.swift; path = ViewController.swift; sourceTree = "<group>"; };
		058C42AD211095300032B01A /* Base */ = {isa = PBXFileReference; lastKnownFileType = file.storyboard; name = Base; path = Base.lproj/Main.storyboard; sourceTree = "<group>"; };
		058C42AF211095300032B01A /* Assets.xcassets */ = {isa = PBXFileReference; lastKnownFileType = folder.assetcatalog; path = Assets.xcassets; sourceTree = "<group>"; };
		058C42B2211095300032B01A /* Base */ = {isa = PBXFileReference; lastKnownFileType = file.storyboard; name = Base; path = Base.lproj/LaunchScreen.storyboard; sourceTree = "<group>"; };
		058C42B4211095300032B01A /* Info.plist */ = {isa = PBXFileReference; lastKnownFileType = text.plist.xml; path = Info.plist; sourceTree = "<group>"; };
		058C42B9211095300032B01A /* RTCVideoTests.xctest */ = {isa = PBXFileReference; explicitFileType = wrapper.cfbundle; includeInIndex = 0; path = RTCVideoTests.xctest; sourceTree = BUILT_PRODUCTS_DIR; };
		058C42BD211095300032B01A /* RTCVideoTests.swift */ = {isa = PBXFileReference; lastKnownFileType = sourcecode.swift; path = RTCVideoTests.swift; sourceTree = "<group>"; };
		058C42BF211095300032B01A /* Info.plist */ = {isa = PBXFileReference; lastKnownFileType = text.plist.xml; path = Info.plist; sourceTree = "<group>"; };
		058C42C4211095300032B01A /* RTCVideoUITests.xctest */ = {isa = PBXFileReference; explicitFileType = wrapper.cfbundle; includeInIndex = 0; path = RTCVideoUITests.xctest; sourceTree = BUILT_PRODUCTS_DIR; };
		058C42C8211095300032B01A /* RTCVideoUITests.swift */ = {isa = PBXFileReference; lastKnownFileType = sourcecode.swift; path = RTCVideoUITests.swift; sourceTree = "<group>"; };
		058C42CA211095300032B01A /* Info.plist */ = {isa = PBXFileReference; lastKnownFileType = text.plist.xml; path = Info.plist; sourceTree = "<group>"; };
		058C42D62110954B0032B01A /* WebRTCClient.swift */ = {isa = PBXFileReference; fileEncoding = 4; lastKnownFileType = sourcecode.swift; path = WebRTCClient.swift; sourceTree = "<group>"; };
		058C42D8211095550032B01A /* VideoViewController.swift */ = {isa = PBXFileReference; fileEncoding = 4; lastKnownFileType = sourcecode.swift; path = VideoViewController.swift; sourceTree = "<group>"; };
		058C42DC211096F80032B01A /* SignalClient.swift */ = {isa = PBXFileReference; lastKnownFileType = sourcecode.swift; path = SignalClient.swift; sourceTree = "<group>"; };
		058C42DF2110976C0032B01A /* RTCSessionDescription+JSON.swift */ = {isa = PBXFileReference; fileEncoding = 4; lastKnownFileType = sourcecode.swift; path = "RTCSessionDescription+JSON.swift"; sourceTree = "<group>"; };
		058C42E02110976C0032B01A /* RTCStates.swift */ = {isa = PBXFileReference; fileEncoding = 4; lastKnownFileType = sourcecode.swift; path = RTCStates.swift; sourceTree = "<group>"; };
		058C42E12110976D0032B01A /* RTCIceCandidate+JSON.swift */ = {isa = PBXFileReference; fileEncoding = 4; lastKnownFileType = sourcecode.swift; path = "RTCIceCandidate+JSON.swift"; sourceTree = "<group>"; };
		058C42E52110978D0032B01A /* SocketIOClient.swift */ = {isa = PBXFileReference; lastKnownFileType = sourcecode.swift; path = SocketIOClient.swift; sourceTree = "<group>"; };
		058C42E72110B3D00032B01A /* VideoViewController.xib */ = {isa = PBXFileReference; fileEncoding = 4; lastKnownFileType = file.xib; path = VideoViewController.xib; sourceTree = "<group>"; };
		05A1A0C754D1DAC2DE25FD33 /* Pods-RTCVideo.debug.xcconfig */ = {isa = PBXFileReference; includeInIndex = 1; lastKnownFileType = text.xcconfig; name = "Pods-RTCVideo.debug.xcconfig"; path = "Pods/Target Support Files/Pods-RTCVideo/Pods-RTCVideo.debug.xcconfig"; sourceTree = "<group>"; };
		210DC75107F65B4700CC7047 /* Pods_RTCVideoTests.framework */ = {isa = PBXFileReference; explicitFileType = wrapper.framework; includeInIndex = 0; path = Pods_RTCVideoTests.framework; sourceTree = BUILT_PRODUCTS_DIR; };
		34870DA0208F995BFEB1E6E3 /* Pods_RTCVideoUITests.framework */ = {isa = PBXFileReference; explicitFileType = wrapper.framework; includeInIndex = 0; path = Pods_RTCVideoUITests.framework; sourceTree = BUILT_PRODUCTS_DIR; };
		477BD1DC601AFF2E23545456 /* Pods-RTCVideoUITests.release.xcconfig */ = {isa = PBXFileReference; includeInIndex = 1; lastKnownFileType = text.xcconfig; name = "Pods-RTCVideoUITests.release.xcconfig"; path = "Pods/Target Support Files/Pods-RTCVideoUITests/Pods-RTCVideoUITests.release.xcconfig"; sourceTree = "<group>"; };
		4E4AF5F960E64813AA086488 /* Pods-RTCVideoTests.debug.xcconfig */ = {isa = PBXFileReference; includeInIndex = 1; lastKnownFileType = text.xcconfig; name = "Pods-RTCVideoTests.debug.xcconfig"; path = "Pods/Target Support Files/Pods-RTCVideoTests/Pods-RTCVideoTests.debug.xcconfig"; sourceTree = "<group>"; };
		733C13A4DF265AB8162F25A1 /* Pods_RTCVideo.framework */ = {isa = PBXFileReference; explicitFileType = wrapper.framework; includeInIndex = 0; path = Pods_RTCVideo.framework; sourceTree = BUILT_PRODUCTS_DIR; };
		7BC9C19D9265B78C325C6250 /* Pods-RTCVideoUITests.debug.xcconfig */ = {isa = PBXFileReference; includeInIndex = 1; lastKnownFileType = text.xcconfig; name = "Pods-RTCVideoUITests.debug.xcconfig"; path = "Pods/Target Support Files/Pods-RTCVideoUITests/Pods-RTCVideoUITests.debug.xcconfig"; sourceTree = "<group>"; };
		CED33676849578909F89EEDB /* Pods-RTCVideo.release.xcconfig */ = {isa = PBXFileReference; includeInIndex = 1; lastKnownFileType = text.xcconfig; name = "Pods-RTCVideo.release.xcconfig"; path = "Pods/Target Support Files/Pods-RTCVideo/Pods-RTCVideo.release.xcconfig"; sourceTree = "<group>"; };
		FCB2A668D7C42E19610872D3 /* Pods-RTCVideoTests.release.xcconfig */ = {isa = PBXFileReference; includeInIndex = 1; lastKnownFileType = text.xcconfig; name = "Pods-RTCVideoTests.release.xcconfig"; path = "Pods/Target Support Files/Pods-RTCVideoTests/Pods-RTCVideoTests.release.xcconfig"; sourceTree = "<group>"; };
/* End PBXFileReference section */

/* Begin PBXFrameworksBuildPhase section */
		058C42A2211095300032B01A /* Frameworks */ = {
			isa = PBXFrameworksBuildPhase;
			buildActionMask = 2147483647;
			files = (
				1E2C90975AB7D9C846EE65BE /* Pods_RTCVideo.framework in Frameworks */,
			);
			runOnlyForDeploymentPostprocessing = 0;
		};
		058C42B6211095300032B01A /* Frameworks */ = {
			isa = PBXFrameworksBuildPhase;
			buildActionMask = 2147483647;
			files = (
				DA8589B42FE5D197897AD3E6 /* Pods_RTCVideoTests.framework in Frameworks */,
			);
			runOnlyForDeploymentPostprocessing = 0;
		};
		058C42C1211095300032B01A /* Frameworks */ = {
			isa = PBXFrameworksBuildPhase;
			buildActionMask = 2147483647;
			files = (
				B963A802BF22F6103AEA098E /* Pods_RTCVideoUITests.framework in Frameworks */,
			);
			runOnlyForDeploymentPostprocessing = 0;
		};
/* End PBXFrameworksBuildPhase section */

/* Begin PBXGroup section */
		058C429C2110952F0032B01A = {
			isa = PBXGroup;
			children = (
				058C42A7211095300032B01A /* RTCVideo */,
				058C42BC211095300032B01A /* RTCVideoTests */,
				058C42C7211095300032B01A /* RTCVideoUITests */,
				058C42A6211095300032B01A /* Products */,
				FBC4E0B427D8CED52B227F52 /* Pods */,
				51A621ADB12D9ACE4C98D4E0 /* Frameworks */,
			);
			sourceTree = "<group>";
		};
		058C42A6211095300032B01A /* Products */ = {
			isa = PBXGroup;
			children = (
				058C42A5211095300032B01A /* RTCVideo.app */,
				058C42B9211095300032B01A /* RTCVideoTests.xctest */,
				058C42C4211095300032B01A /* RTCVideoUITests.xctest */,
			);
			name = Products;
			sourceTree = "<group>";
		};
		058C42A7211095300032B01A /* RTCVideo */ = {
			isa = PBXGroup;
			children = (
				058C42DE211097600032B01A /* Extensions */,
				058C42A8211095300032B01A /* AppDelegate.swift */,
				058C42AA211095300032B01A /* ViewController.swift */,
				058C42E72110B3D00032B01A /* VideoViewController.xib */,
				058C42AC211095300032B01A /* Main.storyboard */,
				058C42AF211095300032B01A /* Assets.xcassets */,
				058C42B1211095300032B01A /* LaunchScreen.storyboard */,
				058C42D62110954B0032B01A /* WebRTCClient.swift */,
				058C42B4211095300032B01A /* Info.plist */,
				058C42D8211095550032B01A /* VideoViewController.swift */,
				058C42DC211096F80032B01A /* SignalClient.swift */,
				058C42E52110978D0032B01A /* SocketIOClient.swift */,
			);
			path = RTCVideo;
			sourceTree = "<group>";
		};
		058C42BC211095300032B01A /* RTCVideoTests */ = {
			isa = PBXGroup;
			children = (
				058C42BD211095300032B01A /* RTCVideoTests.swift */,
				058C42BF211095300032B01A /* Info.plist */,
			);
			path = RTCVideoTests;
			sourceTree = "<group>";
		};
		058C42C7211095300032B01A /* RTCVideoUITests */ = {
			isa = PBXGroup;
			children = (
				058C42C8211095300032B01A /* RTCVideoUITests.swift */,
				058C42CA211095300032B01A /* Info.plist */,
			);
			path = RTCVideoUITests;
			sourceTree = "<group>";
		};
		058C42DE211097600032B01A /* Extensions */ = {
			isa = PBXGroup;
			children = (
				058C42E12110976D0032B01A /* RTCIceCandidate+JSON.swift */,
				058C42DF2110976C0032B01A /* RTCSessionDescription+JSON.swift */,
				058C42E02110976C0032B01A /* RTCStates.swift */,
			);
			path = Extensions;
			sourceTree = "<group>";
		};
		51A621ADB12D9ACE4C98D4E0 /* Frameworks */ = {
			isa = PBXGroup;
			children = (
				733C13A4DF265AB8162F25A1 /* Pods_RTCVideo.framework */,
				210DC75107F65B4700CC7047 /* Pods_RTCVideoTests.framework */,
				34870DA0208F995BFEB1E6E3 /* Pods_RTCVideoUITests.framework */,
			);
			name = Frameworks;
			sourceTree = "<group>";
		};
		FBC4E0B427D8CED52B227F52 /* Pods */ = {
			isa = PBXGroup;
			children = (
				05A1A0C754D1DAC2DE25FD33 /* Pods-RTCVideo.debug.xcconfig */,
				CED33676849578909F89EEDB /* Pods-RTCVideo.release.xcconfig */,
				4E4AF5F960E64813AA086488 /* Pods-RTCVideoTests.debug.xcconfig */,
				FCB2A668D7C42E19610872D3 /* Pods-RTCVideoTests.release.xcconfig */,
				7BC9C19D9265B78C325C6250 /* Pods-RTCVideoUITests.debug.xcconfig */,
				477BD1DC601AFF2E23545456 /* Pods-RTCVideoUITests.release.xcconfig */,
			);
			name = Pods;
			sourceTree = "<group>";
		};
/* End PBXGroup section */

/* Begin PBXNativeTarget section */
		058C42A4211095300032B01A /* RTCVideo */ = {
			isa = PBXNativeTarget;
			buildConfigurationList = 058C42CD211095300032B01A /* Build configuration list for PBXNativeTarget "RTCVideo" */;
			buildPhases = (
				19FF2274182D002049B8580F /* [CP] Check Pods Manifest.lock */,
				058C42A1211095300032B01A /* Sources */,
				058C42A2211095300032B01A /* Frameworks */,
				058C42A3211095300032B01A /* Resources */,
				D29412F3C8E874B71A27ED8E /* [CP] Embed Pods Frameworks */,
			);
			buildRules = (
			);
			dependencies = (
			);
			name = RTCVideo;
			productName = RTCVideo;
			productReference = 058C42A5211095300032B01A /* RTCVideo.app */;
			productType = "com.apple.product-type.application";
		};
		058C42B8211095300032B01A /* RTCVideoTests */ = {
			isa = PBXNativeTarget;
			buildConfigurationList = 058C42D0211095300032B01A /* Build configuration list for PBXNativeTarget "RTCVideoTests" */;
			buildPhases = (
				75B85FC32F7E07C85AC31A95 /* [CP] Check Pods Manifest.lock */,
				058C42B5211095300032B01A /* Sources */,
				058C42B6211095300032B01A /* Frameworks */,
				058C42B7211095300032B01A /* Resources */,
			);
			buildRules = (
			);
			dependencies = (
				058C42BB211095300032B01A /* PBXTargetDependency */,
			);
			name = RTCVideoTests;
			productName = RTCVideoTests;
			productReference = 058C42B9211095300032B01A /* RTCVideoTests.xctest */;
			productType = "com.apple.product-type.bundle.unit-test";
		};
		058C42C3211095300032B01A /* RTCVideoUITests */ = {
			isa = PBXNativeTarget;
			buildConfigurationList = 058C42D3211095300032B01A /* Build configuration list for PBXNativeTarget "RTCVideoUITests" */;
			buildPhases = (
				7A8CB91B2C3F666DFEDF0E06 /* [CP] Check Pods Manifest.lock */,
				058C42C0211095300032B01A /* Sources */,
				058C42C1211095300032B01A /* Frameworks */,
				058C42C2211095300032B01A /* Resources */,
			);
			buildRules = (
			);
			dependencies = (
				058C42C6211095300032B01A /* PBXTargetDependency */,
			);
			name = RTCVideoUITests;
			productName = RTCVideoUITests;
			productReference = 058C42C4211095300032B01A /* RTCVideoUITests.xctest */;
			productType = "com.apple.product-type.bundle.ui-testing";
		};
/* End PBXNativeTarget section */

/* Begin PBXProject section */
		058C429D211095300032B01A /* Project object */ = {
			isa = PBXProject;
			attributes = {
				LastSwiftUpdateCheck = 0940;
				LastUpgradeCheck = 0940;
				ORGANIZATIONNAME = "Bilguun Batbold";
				TargetAttributes = {
					058C42A4211095300032B01A = {
						CreatedOnToolsVersion = 9.4.1;
					};
					058C42B8211095300032B01A = {
						CreatedOnToolsVersion = 9.4.1;
						TestTargetID = 058C42A4211095300032B01A;
					};
					058C42C3211095300032B01A = {
						CreatedOnToolsVersion = 9.4.1;
						TestTargetID = 058C42A4211095300032B01A;
					};
				};
			};
			buildConfigurationList = 058C42A0211095300032B01A /* Build configuration list for PBXProject "RTCVideo" */;
			compatibilityVersion = "Xcode 9.3";
			developmentRegion = en;
			hasScannedForEncodings = 0;
			knownRegions = (
				en,
				Base,
			);
			mainGroup = 058C429C2110952F0032B01A;
			productRefGroup = 058C42A6211095300032B01A /* Products */;
			projectDirPath = "";
			projectRoot = "";
			targets = (
				058C42A4211095300032B01A /* RTCVideo */,
				058C42B8211095300032B01A /* RTCVideoTests */,
				058C42C3211095300032B01A /* RTCVideoUITests */,
			);
		};
/* End PBXProject section */

/* Begin PBXResourcesBuildPhase section */
		058C42A3211095300032B01A /* Resources */ = {
			isa = PBXResourcesBuildPhase;
			buildActionMask = 2147483647;
			files = (
				058C42B3211095300032B01A /* LaunchScreen.storyboard in Resources */,
				058C42B0211095300032B01A /* Assets.xcassets in Resources */,
				058C42E82110B3D00032B01A /* VideoViewController.xib in Resources */,
				058C42AE211095300032B01A /* Main.storyboard in Resources */,
			);
			runOnlyForDeploymentPostprocessing = 0;
		};
		058C42B7211095300032B01A /* Resources */ = {
			isa = PBXResourcesBuildPhase;
			buildActionMask = 2147483647;
			files = (
			);
			runOnlyForDeploymentPostprocessing = 0;
		};
		058C42C2211095300032B01A /* Resources */ = {
			isa = PBXResourcesBuildPhase;
			buildActionMask = 2147483647;
			files = (
			);
			runOnlyForDeploymentPostprocessing = 0;
		};
/* End PBXResourcesBuildPhase section */

/* Begin PBXShellScriptBuildPhase section */
		19FF2274182D002049B8580F /* [CP] Check Pods Manifest.lock */ = {
			isa = PBXShellScriptBuildPhase;
			buildActionMask = 2147483647;
			files = (
			);
			inputPaths = (
				"${PODS_PODFILE_DIR_PATH}/Podfile.lock",
				"${PODS_ROOT}/Manifest.lock",
			);
			name = "[CP] Check Pods Manifest.lock";
			outputPaths = (
				"$(DERIVED_FILE_DIR)/Pods-RTCVideo-checkManifestLockResult.txt",
			);
			runOnlyForDeploymentPostprocessing = 0;
			shellPath = /bin/sh;
			shellScript = "diff \"${PODS_PODFILE_DIR_PATH}/Podfile.lock\" \"${PODS_ROOT}/Manifest.lock\" > /dev/null\nif [ $? != 0 ] ; then\n    # print error to STDERR\n    echo \"error: The sandbox is not in sync with the Podfile.lock. Run 'pod install' or update your CocoaPods installation.\" >&2\n    exit 1\nfi\n# This output is used by Xcode 'outputs' to avoid re-running this script phase.\necho \"SUCCESS\" > \"${SCRIPT_OUTPUT_FILE_0}\"\n";
			showEnvVarsInLog = 0;
		};
		75B85FC32F7E07C85AC31A95 /* [CP] Check Pods Manifest.lock */ = {
			isa = PBXShellScriptBuildPhase;
			buildActionMask = 2147483647;
			files = (
			);
			inputPaths = (
				"${PODS_PODFILE_DIR_PATH}/Podfile.lock",
				"${PODS_ROOT}/Manifest.lock",
			);
			name = "[CP] Check Pods Manifest.lock";
			outputPaths = (
				"$(DERIVED_FILE_DIR)/Pods-RTCVideoTests-checkManifestLockResult.txt",
			);
			runOnlyForDeploymentPostprocessing = 0;
			shellPath = /bin/sh;
			shellScript = "diff \"${PODS_PODFILE_DIR_PATH}/Podfile.lock\" \"${PODS_ROOT}/Manifest.lock\" > /dev/null\nif [ $? != 0 ] ; then\n    # print error to STDERR\n    echo \"error: The sandbox is not in sync with the Podfile.lock. Run 'pod install' or update your CocoaPods installation.\" >&2\n    exit 1\nfi\n# This output is used by Xcode 'outputs' to avoid re-running this script phase.\necho \"SUCCESS\" > \"${SCRIPT_OUTPUT_FILE_0}\"\n";
			showEnvVarsInLog = 0;
		};
		7A8CB91B2C3F666DFEDF0E06 /* [CP] Check Pods Manifest.lock */ = {
			isa = PBXShellScriptBuildPhase;
			buildActionMask = 2147483647;
			files = (
			);
			inputPaths = (
				"${PODS_PODFILE_DIR_PATH}/Podfile.lock",
				"${PODS_ROOT}/Manifest.lock",
			);
			name = "[CP] Check Pods Manifest.lock";
			outputPaths = (
				"$(DERIVED_FILE_DIR)/Pods-RTCVideoUITests-checkManifestLockResult.txt",
			);
			runOnlyForDeploymentPostprocessing = 0;
			shellPath = /bin/sh;
			shellScript = "diff \"${PODS_PODFILE_DIR_PATH}/Podfile.lock\" \"${PODS_ROOT}/Manifest.lock\" > /dev/null\nif [ $? != 0 ] ; then\n    # print error to STDERR\n    echo \"error: The sandbox is not in sync with the Podfile.lock. Run 'pod install' or update your CocoaPods installation.\" >&2\n    exit 1\nfi\n# This output is used by Xcode 'outputs' to avoid re-running this script phase.\necho \"SUCCESS\" > \"${SCRIPT_OUTPUT_FILE_0}\"\n";
			showEnvVarsInLog = 0;
		};
		D29412F3C8E874B71A27ED8E /* [CP] Embed Pods Frameworks */ = {
			isa = PBXShellScriptBuildPhase;
			buildActionMask = 2147483647;
			files = (
			);
			inputPaths = (
				"${SRCROOT}/Pods/Target Support Files/Pods-RTCVideo/Pods-RTCVideo-frameworks.sh",
				"${PODS_ROOT}/GoogleWebRTC/Frameworks/frameworks/WebRTC.framework",
				"${BUILT_PRODUCTS_DIR}/Socket.IO-Client-Swift/SocketIO.framework",
				"${BUILT_PRODUCTS_DIR}/Starscream/Starscream.framework",
				"${BUILT_PRODUCTS_DIR}/SwiftyJSON/SwiftyJSON.framework",
			);
			name = "[CP] Embed Pods Frameworks";
			outputPaths = (
				"${TARGET_BUILD_DIR}/${FRAMEWORKS_FOLDER_PATH}/WebRTC.framework",
				"${TARGET_BUILD_DIR}/${FRAMEWORKS_FOLDER_PATH}/SocketIO.framework",
				"${TARGET_BUILD_DIR}/${FRAMEWORKS_FOLDER_PATH}/Starscream.framework",
				"${TARGET_BUILD_DIR}/${FRAMEWORKS_FOLDER_PATH}/SwiftyJSON.framework",
			);
			runOnlyForDeploymentPostprocessing = 0;
			shellPath = /bin/sh;
			shellScript = "\"${SRCROOT}/Pods/Target Support Files/Pods-RTCVideo/Pods-RTCVideo-frameworks.sh\"\n";
			showEnvVarsInLog = 0;
		};
/* End PBXShellScriptBuildPhase section */

/* Begin PBXSourcesBuildPhase section */
		058C42A1211095300032B01A /* Sources */ = {
			isa = PBXSourcesBuildPhase;
			buildActionMask = 2147483647;
			files = (
				058C42E62110978D0032B01A /* SocketIOClient.swift in Sources */,
				058C42AB211095300032B01A /* ViewController.swift in Sources */,
				058C42E42110976D0032B01A /* RTCIceCandidate+JSON.swift in Sources */,
				058C42A9211095300032B01A /* AppDelegate.swift in Sources */,
				058C42D9211095550032B01A /* VideoViewController.swift in Sources */,
				058C42DD211096F80032B01A /* SignalClient.swift in Sources */,
				058C42E22110976D0032B01A /* RTCSessionDescription+JSON.swift in Sources */,
				058C42E32110976D0032B01A /* RTCStates.swift in Sources */,
				058C42D72110954B0032B01A /* WebRTCClient.swift in Sources */,
			);
			runOnlyForDeploymentPostprocessing = 0;
		};
		058C42B5211095300032B01A /* Sources */ = {
			isa = PBXSourcesBuildPhase;
			buildActionMask = 2147483647;
			files = (
				058C42BE211095300032B01A /* RTCVideoTests.swift in Sources */,
			);
			runOnlyForDeploymentPostprocessing = 0;
		};
		058C42C0211095300032B01A /* Sources */ = {
			isa = PBXSourcesBuildPhase;
			buildActionMask = 2147483647;
			files = (
				058C42C9211095300032B01A /* RTCVideoUITests.swift in Sources */,
			);
			runOnlyForDeploymentPostprocessing = 0;
		};
/* End PBXSourcesBuildPhase section */

/* Begin PBXTargetDependency section */
		058C42BB211095300032B01A /* PBXTargetDependency */ = {
			isa = PBXTargetDependency;
			target = 058C42A4211095300032B01A /* RTCVideo */;
			targetProxy = 058C42BA211095300032B01A /* PBXContainerItemProxy */;
		};
		058C42C6211095300032B01A /* PBXTargetDependency */ = {
			isa = PBXTargetDependency;
			target = 058C42A4211095300032B01A /* RTCVideo */;
			targetProxy = 058C42C5211095300032B01A /* PBXContainerItemProxy */;
		};
/* End PBXTargetDependency section */

/* Begin PBXVariantGroup section */
		058C42AC211095300032B01A /* Main.storyboard */ = {
			isa = PBXVariantGroup;
			children = (
				058C42AD211095300032B01A /* Base */,
			);
			name = Main.storyboard;
			sourceTree = "<group>";
		};
		058C42B1211095300032B01A /* LaunchScreen.storyboard */ = {
			isa = PBXVariantGroup;
			children = (
				058C42B2211095300032B01A /* Base */,
			);
			name = LaunchScreen.storyboard;
			sourceTree = "<group>";
		};
/* End PBXVariantGroup section */

/* Begin XCBuildConfiguration section */
		058C42CB211095300032B01A /* Debug */ = {
			isa = XCBuildConfiguration;
			buildSettings = {
				ALWAYS_SEARCH_USER_PATHS = NO;
				CLANG_ANALYZER_NONNULL = YES;
				CLANG_ANALYZER_NUMBER_OBJECT_CONVERSION = YES_AGGRESSIVE;
				CLANG_CXX_LANGUAGE_STANDARD = "gnu++14";
				CLANG_CXX_LIBRARY = "libc++";
				CLANG_ENABLE_MODULES = YES;
				CLANG_ENABLE_OBJC_ARC = YES;
				CLANG_ENABLE_OBJC_WEAK = YES;
				CLANG_WARN_BLOCK_CAPTURE_AUTORELEASING = YES;
				CLANG_WARN_BOOL_CONVERSION = YES;
				CLANG_WARN_COMMA = YES;
				CLANG_WARN_CONSTANT_CONVERSION = YES;
				CLANG_WARN_DEPRECATED_OBJC_IMPLEMENTATIONS = YES;
				CLANG_WARN_DIRECT_OBJC_ISA_USAGE = YES_ERROR;
				CLANG_WARN_DOCUMENTATION_COMMENTS = YES;
				CLANG_WARN_EMPTY_BODY = YES;
				CLANG_WARN_ENUM_CONVERSION = YES;
				CLANG_WARN_INFINITE_RECURSION = YES;
				CLANG_WARN_INT_CONVERSION = YES;
				CLANG_WARN_NON_LITERAL_NULL_CONVERSION = YES;
				CLANG_WARN_OBJC_IMPLICIT_RETAIN_SELF = YES;
				CLANG_WARN_OBJC_LITERAL_CONVERSION = YES;
				CLANG_WARN_OBJC_ROOT_CLASS = YES_ERROR;
				CLANG_WARN_RANGE_LOOP_ANALYSIS = YES;
				CLANG_WARN_STRICT_PROTOTYPES = YES;
				CLANG_WARN_SUSPICIOUS_MOVE = YES;
				CLANG_WARN_UNGUARDED_AVAILABILITY = YES_AGGRESSIVE;
				CLANG_WARN_UNREACHABLE_CODE = YES;
				CLANG_WARN__DUPLICATE_METHOD_MATCH = YES;
				CODE_SIGN_IDENTITY = "iPhone Developer";
				COPY_PHASE_STRIP = NO;
				DEBUG_INFORMATION_FORMAT = dwarf;
				ENABLE_BITCODE = NO;
				ENABLE_STRICT_OBJC_MSGSEND = YES;
				ENABLE_TESTABILITY = YES;
				GCC_C_LANGUAGE_STANDARD = gnu11;
				GCC_DYNAMIC_NO_PIC = NO;
				GCC_NO_COMMON_BLOCKS = YES;
				GCC_OPTIMIZATION_LEVEL = 0;
				GCC_PREPROCESSOR_DEFINITIONS = (
					"DEBUG=1",
					"$(inherited)",
				);
				GCC_WARN_64_TO_32_BIT_CONVERSION = YES;
				GCC_WARN_ABOUT_RETURN_TYPE = YES_ERROR;
				GCC_WARN_UNDECLARED_SELECTOR = YES;
				GCC_WARN_UNINITIALIZED_AUTOS = YES_AGGRESSIVE;
				GCC_WARN_UNUSED_FUNCTION = YES;
				GCC_WARN_UNUSED_VARIABLE = YES;
				IPHONEOS_DEPLOYMENT_TARGET = 11.4;
				MTL_ENABLE_DEBUG_INFO = YES;
				ONLY_ACTIVE_ARCH = YES;
				SDKROOT = iphoneos;
				SWIFT_ACTIVE_COMPILATION_CONDITIONS = DEBUG;
				SWIFT_OPTIMIZATION_LEVEL = "-Onone";
			};
			name = Debug;
		};
		058C42CC211095300032B01A /* Release */ = {
			isa = XCBuildConfiguration;
			buildSettings = {
				ALWAYS_SEARCH_USER_PATHS = NO;
				CLANG_ANALYZER_NONNULL = YES;
				CLANG_ANALYZER_NUMBER_OBJECT_CONVERSION = YES_AGGRESSIVE;
				CLANG_CXX_LANGUAGE_STANDARD = "gnu++14";
				CLANG_CXX_LIBRARY = "libc++";
				CLANG_ENABLE_MODULES = YES;
				CLANG_ENABLE_OBJC_ARC = YES;
				CLANG_ENABLE_OBJC_WEAK = YES;
				CLANG_WARN_BLOCK_CAPTURE_AUTORELEASING = YES;
				CLANG_WARN_BOOL_CONVERSION = YES;
				CLANG_WARN_COMMA = YES;
				CLANG_WARN_CONSTANT_CONVERSION = YES;
				CLANG_WARN_DEPRECATED_OBJC_IMPLEMENTATIONS = YES;
				CLANG_WARN_DIRECT_OBJC_ISA_USAGE = YES_ERROR;
				CLANG_WARN_DOCUMENTATION_COMMENTS = YES;
				CLANG_WARN_EMPTY_BODY = YES;
				CLANG_WARN_ENUM_CONVERSION = YES;
				CLANG_WARN_INFINITE_RECURSION = YES;
				CLANG_WARN_INT_CONVERSION = YES;
				CLANG_WARN_NON_LITERAL_NULL_CONVERSION = YES;
				CLANG_WARN_OBJC_IMPLICIT_RETAIN_SELF = YES;
				CLANG_WARN_OBJC_LITERAL_CONVERSION = YES;
				CLANG_WARN_OBJC_ROOT_CLASS = YES_ERROR;
				CLANG_WARN_RANGE_LOOP_ANALYSIS = YES;
				CLANG_WARN_STRICT_PROTOTYPES = YES;
				CLANG_WARN_SUSPICIOUS_MOVE = YES;
				CLANG_WARN_UNGUARDED_AVAILABILITY = YES_AGGRESSIVE;
				CLANG_WARN_UNREACHABLE_CODE = YES;
				CLANG_WARN__DUPLICATE_METHOD_MATCH = YES;
				CODE_SIGN_IDENTITY = "iPhone Developer";
				COPY_PHASE_STRIP = NO;
				DEBUG_INFORMATION_FORMAT = "dwarf-with-dsym";
				ENABLE_BITCODE = NO;
				ENABLE_NS_ASSERTIONS = NO;
				ENABLE_STRICT_OBJC_MSGSEND = YES;
				GCC_C_LANGUAGE_STANDARD = gnu11;
				GCC_NO_COMMON_BLOCKS = YES;
				GCC_WARN_64_TO_32_BIT_CONVERSION = YES;
				GCC_WARN_ABOUT_RETURN_TYPE = YES_ERROR;
				GCC_WARN_UNDECLARED_SELECTOR = YES;
				GCC_WARN_UNINITIALIZED_AUTOS = YES_AGGRESSIVE;
				GCC_WARN_UNUSED_FUNCTION = YES;
				GCC_WARN_UNUSED_VARIABLE = YES;
				IPHONEOS_DEPLOYMENT_TARGET = 11.4;
				MTL_ENABLE_DEBUG_INFO = NO;
				SDKROOT = iphoneos;
				SWIFT_COMPILATION_MODE = wholemodule;
				SWIFT_OPTIMIZATION_LEVEL = "-O";
				VALIDATE_PRODUCT = YES;
			};
			name = Release;
		};
		058C42CE211095300032B01A /* Debug */ = {
			isa = XCBuildConfiguration;
			baseConfigurationReference = 05A1A0C754D1DAC2DE25FD33 /* Pods-RTCVideo.debug.xcconfig */;
			buildSettings = {
				ASSETCATALOG_COMPILER_APPICON_NAME = AppIcon;
				CODE_SIGN_STYLE = Automatic;
				DEVELOPMENT_TEAM = W4G5T26BVL;
				INFOPLIST_FILE = RTCVideo/Info.plist;
				LD_RUNPATH_SEARCH_PATHS = (
					"$(inherited)",
					"@executable_path/Frameworks",
				);
				PRODUCT_BUNDLE_IDENTIFIER = sg.edu.nus.RTCVideo;
				PRODUCT_NAME = "$(TARGET_NAME)";
				SWIFT_VERSION = 4.0;
				TARGETED_DEVICE_FAMILY = "1,2";
			};
			name = Debug;
		};
		058C42CF211095300032B01A /* Release */ = {
			isa = XCBuildConfiguration;
			baseConfigurationReference = CED33676849578909F89EEDB /* Pods-RTCVideo.release.xcconfig */;
			buildSettings = {
				ASSETCATALOG_COMPILER_APPICON_NAME = AppIcon;
				CODE_SIGN_STYLE = Automatic;
				DEVELOPMENT_TEAM = W4G5T26BVL;
				INFOPLIST_FILE = RTCVideo/Info.plist;
				LD_RUNPATH_SEARCH_PATHS = (
					"$(inherited)",
					"@executable_path/Frameworks",
				);
				PRODUCT_BUNDLE_IDENTIFIER = sg.edu.nus.RTCVideo;
				PRODUCT_NAME = "$(TARGET_NAME)";
				SWIFT_VERSION = 4.0;
				TARGETED_DEVICE_FAMILY = "1,2";
			};
			name = Release;
		};
		058C42D1211095300032B01A /* Debug */ = {
			isa = XCBuildConfiguration;
			baseConfigurationReference = 4E4AF5F960E64813AA086488 /* Pods-RTCVideoTests.debug.xcconfig */;
			buildSettings = {
				ALWAYS_EMBED_SWIFT_STANDARD_LIBRARIES = YES;
				BUNDLE_LOADER = "$(TEST_HOST)";
				CODE_SIGN_STYLE = Automatic;
				DEVELOPMENT_TEAM = W4G5T26BVL;
				INFOPLIST_FILE = RTCVideoTests/Info.plist;
				LD_RUNPATH_SEARCH_PATHS = (
					"$(inherited)",
					"@executable_path/Frameworks",
					"@loader_path/Frameworks",
				);
				PRODUCT_BUNDLE_IDENTIFIER = sg.edu.nus.RTCVideoTests;
				PRODUCT_NAME = "$(TARGET_NAME)";
				SWIFT_VERSION = 4.0;
				TARGETED_DEVICE_FAMILY = "1,2";
				TEST_HOST = "$(BUILT_PRODUCTS_DIR)/RTCVideo.app/RTCVideo";
			};
			name = Debug;
		};
		058C42D2211095300032B01A /* Release */ = {
			isa = XCBuildConfiguration;
			baseConfigurationReference = FCB2A668D7C42E19610872D3 /* Pods-RTCVideoTests.release.xcconfig */;
			buildSettings = {
				ALWAYS_EMBED_SWIFT_STANDARD_LIBRARIES = YES;
				BUNDLE_LOADER = "$(TEST_HOST)";
				CODE_SIGN_STYLE = Automatic;
				DEVELOPMENT_TEAM = W4G5T26BVL;
				INFOPLIST_FILE = RTCVideoTests/Info.plist;
				LD_RUNPATH_SEARCH_PATHS = (
					"$(inherited)",
					"@executable_path/Frameworks",
					"@loader_path/Frameworks",
				);
				PRODUCT_BUNDLE_IDENTIFIER = sg.edu.nus.RTCVideoTests;
				PRODUCT_NAME = "$(TARGET_NAME)";
				SWIFT_VERSION = 4.0;
				TARGETED_DEVICE_FAMILY = "1,2";
				TEST_HOST = "$(BUILT_PRODUCTS_DIR)/RTCVideo.app/RTCVideo";
			};
			name = Release;
		};
		058C42D4211095300032B01A /* Debug */ = {
			isa = XCBuildConfiguration;
			baseConfigurationReference = 7BC9C19D9265B78C325C6250 /* Pods-RTCVideoUITests.debug.xcconfig */;
			buildSettings = {
				ALWAYS_EMBED_SWIFT_STANDARD_LIBRARIES = YES;
				CODE_SIGN_STYLE = Automatic;
				DEVELOPMENT_TEAM = W4G5T26BVL;
				INFOPLIST_FILE = RTCVideoUITests/Info.plist;
				LD_RUNPATH_SEARCH_PATHS = (
					"$(inherited)",
					"@executable_path/Frameworks",
					"@loader_path/Frameworks",
				);
				PRODUCT_BUNDLE_IDENTIFIER = sg.edu.nus.RTCVideoUITests;
				PRODUCT_NAME = "$(TARGET_NAME)";
				SWIFT_VERSION = 4.0;
				TARGETED_DEVICE_FAMILY = "1,2";
				TEST_TARGET_NAME = RTCVideo;
			};
			name = Debug;
		};
		058C42D5211095300032B01A /* Release */ = {
			isa = XCBuildConfiguration;
			baseConfigurationReference = 477BD1DC601AFF2E23545456 /* Pods-RTCVideoUITests.release.xcconfig */;
			buildSettings = {
				ALWAYS_EMBED_SWIFT_STANDARD_LIBRARIES = YES;
				CODE_SIGN_STYLE = Automatic;
				DEVELOPMENT_TEAM = W4G5T26BVL;
				INFOPLIST_FILE = RTCVideoUITests/Info.plist;
				LD_RUNPATH_SEARCH_PATHS = (
					"$(inherited)",
					"@executable_path/Frameworks",
					"@loader_path/Frameworks",
				);
				PRODUCT_BUNDLE_IDENTIFIER = sg.edu.nus.RTCVideoUITests;
				PRODUCT_NAME = "$(TARGET_NAME)";
				SWIFT_VERSION = 4.0;
				TARGETED_DEVICE_FAMILY = "1,2";
				TEST_TARGET_NAME = RTCVideo;
			};
			name = Release;
		};
/* End XCBuildConfiguration section */

/* Begin XCConfigurationList section */
		058C42A0211095300032B01A /* Build configuration list for PBXProject "RTCVideo" */ = {
			isa = XCConfigurationList;
			buildConfigurations = (
				058C42CB211095300032B01A /* Debug */,
				058C42CC211095300032B01A /* Release */,
			);
			defaultConfigurationIsVisible = 0;
			defaultConfigurationName = Release;
		};
		058C42CD211095300032B01A /* Build configuration list for PBXNativeTarget "RTCVideo" */ = {
			isa = XCConfigurationList;
			buildConfigurations = (
				058C42CE211095300032B01A /* Debug */,
				058C42CF211095300032B01A /* Release */,
			);
			defaultConfigurationIsVisible = 0;
			defaultConfigurationName = Release;
		};
		058C42D0211095300032B01A /* Build configuration list for PBXNativeTarget "RTCVideoTests" */ = {
			isa = XCConfigurationList;
			buildConfigurations = (
				058C42D1211095300032B01A /* Debug */,
				058C42D2211095300032B01A /* Release */,
			);
			defaultConfigurationIsVisible = 0;
			defaultConfigurationName = Release;
		};
		058C42D3211095300032B01A /* Build configuration list for PBXNativeTarget "RTCVideoUITests" */ = {
			isa = XCConfigurationList;
			buildConfigurations = (
				058C42D4211095300032B01A /* Debug */,
				058C42D5211095300032B01A /* Release */,
			);
			defaultConfigurationIsVisible = 0;
			defaultConfigurationName = Release;
		};
/* End XCConfigurationList section */
	};
	rootObject = 058C429D211095300032B01A /* Project object */;
}
